
Microsoft Visual Studio Solution File, Format Version 12.00
# Visual Studio Version 18
VisualStudioVersion = 18.2.11415.280
MinimumVisualStudioVersion = 10.0.40219.1
Project("{FAE04EC0-301F-11D3-BF4B-00C04F79EFBC}") = "OEventCourseHelper", "OEventCourseHelper\OEventCourseHelper.csproj", "{D69B867A-3E78-48C8-841C-625BAA313EF9}"
EndProject
Project("{2150E333-8FDC-42A3-9474-1A3956D46DE8}") = "Solution Items", "Solution Items", "{02EA681E-C7D8-13C7-8484-4AC65E1B71E8}"
	ProjectSection(SolutionItems) = preProject
		.editorconfig = .editorconfig
		.gitattributes = .gitattributes
		.gitignore = .gitignore
		LICENSE = LICENSE
		README.md = README.md
		runner.Dockerfile = runner.Dockerfile
		runner.values.yaml = runner.values.yaml
	EndProjectSection
EndProject
Project("{FAE04EC0-301F-11D3-BF4B-00C04F79EFBC}") = "OEventCourseHelper.Tests", "OEventCourseHelper.Tests\OEventCourseHelper.Tests.csproj", "{BC911FC2-94A2-40F0-9FF2-25E6D5A0FF9B}"
EndProject
Project("{2150E333-8FDC-42A3-9474-1A3956D46DE8}") = ".github", ".github", "{3666B3E0-D23D-4969-8029-BF5539881FAD}"
EndProject
Project("{2150E333-8FDC-42A3-9474-1A3956D46DE8}") = "workflows", "workflows", "{F2130D84-D355-4EA7-BBE9-955D4E0AA2B5}"
	ProjectSection(SolutionItems) = preProject
		.github\workflows\release-runner.yml = .github\workflows\release-runner.yml
		.github\workflows\test-runner.yml = .github\workflows\test-runner.yml
	EndProjectSection
EndProject
Project("{FAE04EC0-301F-11D3-BF4B-00C04F79EFBC}") = "GenerateThirdPartyNotices", "GenerateThirdPartyNotices\GenerateThirdPartyNotices.csproj", "{17A0EFDC-D0A6-4910-9119-981D05FB9D92}"
EndProject
Project("{2150E333-8FDC-42A3-9474-1A3956D46DE8}") = "Licenses", "Licenses", "{311A6A73-0149-481D-9260-814A61E5DE45}"
	ProjectSection(SolutionItems) = preProject
		Licenses\Spectre.Console.Cli_0.53.1 = Licenses\Spectre.Console.Cli_0.53.1
		Licenses\Spectre.Console_0.53.1 = Licenses\Spectre.Console_0.53.1
	EndProjectSection
EndProject
Project("{FAE04EC0-301F-11D3-BF4B-00C04F79EFBC}") = "OEventCourseHelper.Core", "OEventCourseHelper.Core\OEventCourseHelper.Core.csproj", "{E5A22012-4CDB-4F50-876E-55C5B79AA4B8}"
EndProject
Project("{FAE04EC0-301F-11D3-BF4B-00C04F79EFBC}") = "OEventCourseHelper.Core.Tests", "OEventCourseHelper.Core.Tests\OEventCourseHelper.Core.Tests.csproj", "{707A75BC-B9E9-4CF5-B3B9-4FD2B3A379C0}"
EndProject
Project("{FAE04EC0-301F-11D3-BF4B-00C04F79EFBC}") = "OEventCourseHelper.TestUtilities", "OEventCourseHelper.TestUtilities\OEventCourseHelper.TestUtilities.csproj", "{3C1D7815-FBAA-49DB-A1ED-0D42EB9522D2}"
EndProject
Project("{FAE04EC0-301F-11D3-BF4B-00C04F79EFBC}") = "OEventCourseHelper.Profiling", "OEventCourseHelper.Profiling\OEventCourseHelper.Profiling.csproj", "{41322DB2-D140-4C5E-AF73-5897192E8BEF}"
EndProject
Global
	GlobalSection(SolutionConfigurationPlatforms) = preSolution
		Debug|Any CPU = Debug|Any CPU
		Release|Any CPU = Release|Any CPU
	EndGlobalSection
	GlobalSection(ProjectConfigurationPlatforms) = postSolution
		{D69B867A-3E78-48C8-841C-625BAA313EF9}.Debug|Any CPU.ActiveCfg = Debug|Any CPU
		{D69B867A-3E78-48C8-841C-625BAA313EF9}.Debug|Any CPU.Build.0 = Debug|Any CPU
		{D69B867A-3E78-48C8-841C-625BAA313EF9}.Release|Any CPU.ActiveCfg = Release|Any CPU
		{D69B867A-3E78-48C8-841C-625BAA313EF9}.Release|Any CPU.Build.0 = Release|Any CPU
		{BC911FC2-94A2-40F0-9FF2-25E6D5A0FF9B}.Debug|Any CPU.ActiveCfg = Debug|Any CPU
		{BC911FC2-94A2-40F0-9FF2-25E6D5A0FF9B}.Debug|Any CPU.Build.0 = Debug|Any CPU
		{BC911FC2-94A2-40F0-9FF2-25E6D5A0FF9B}.Release|Any CPU.ActiveCfg = Release|Any CPU
		{BC911FC2-94A2-40F0-9FF2-25E6D5A0FF9B}.Release|Any CPU.Build.0 = Release|Any CPU
		{17A0EFDC-D0A6-4910-9119-981D05FB9D92}.Debug|Any CPU.ActiveCfg = Debug|Any CPU
		{17A0EFDC-D0A6-4910-9119-981D05FB9D92}.Debug|Any CPU.Build.0 = Debug|Any CPU
		{17A0EFDC-D0A6-4910-9119-981D05FB9D92}.Release|Any CPU.ActiveCfg = Release|Any CPU
		{17A0EFDC-D0A6-4910-9119-981D05FB9D92}.Release|Any CPU.Build.0 = Release|Any CPU
		{E5A22012-4CDB-4F50-876E-55C5B79AA4B8}.Debug|Any CPU.ActiveCfg = Debug|Any CPU
		{E5A22012-4CDB-4F50-876E-55C5B79AA4B8}.Debug|Any CPU.Build.0 = Debug|Any CPU
		{E5A22012-4CDB-4F50-876E-55C5B79AA4B8}.Release|Any CPU.ActiveCfg = Release|Any CPU
		{E5A22012-4CDB-4F50-876E-55C5B79AA4B8}.Release|Any CPU.Build.0 = Release|Any CPU
		{707A75BC-B9E9-4CF5-B3B9-4FD2B3A379C0}.Debug|Any CPU.ActiveCfg = Debug|Any CPU
		{707A75BC-B9E9-4CF5-B3B9-4FD2B3A379C0}.Debug|Any CPU.Build.0 = Debug|Any CPU
		{707A75BC-B9E9-4CF5-B3B9-4FD2B3A379C0}.Release|Any CPU.ActiveCfg = Release|Any CPU
		{707A75BC-B9E9-4CF5-B3B9-4FD2B3A379C0}.Release|Any CPU.Build.0 = Release|Any CPU
		{3C1D7815-FBAA-49DB-A1ED-0D42EB9522D2}.Debug|Any CPU.ActiveCfg = Debug|Any CPU
		{3C1D7815-FBAA-49DB-A1ED-0D42EB9522D2}.Debug|Any CPU.Build.0 = Debug|Any CPU
		{3C1D7815-FBAA-49DB-A1ED-0D42EB9522D2}.Release|Any CPU.ActiveCfg = Release|Any CPU
		{3C1D7815-FBAA-49DB-A1ED-0D42EB9522D2}.Release|Any CPU.Build.0 = Release|Any CPU
		{41322DB2-D140-4C5E-AF73-5897192E8BEF}.Debug|Any CPU.ActiveCfg = Debug|Any CPU
		{41322DB2-D140-4C5E-AF73-5897192E8BEF}.Debug|Any CPU.Build.0 = Debug|Any CPU
		{41322DB2-D140-4C5E-AF73-5897192E8BEF}.Release|Any CPU.ActiveCfg = Release|Any CPU
		{41322DB2-D140-4C5E-AF73-5897192E8BEF}.Release|Any CPU.Build.0 = Release|Any CPU
	EndGlobalSection
	GlobalSection(SolutionProperties) = preSolution
		HideSolutionNode = FALSE
	EndGlobalSection
	GlobalSection(NestedProjects) = preSolution
		{3666B3E0-D23D-4969-8029-BF5539881FAD} = {02EA681E-C7D8-13C7-8484-4AC65E1B71E8}
		{F2130D84-D355-4EA7-BBE9-955D4E0AA2B5} = {3666B3E0-D23D-4969-8029-BF5539881FAD}
		{311A6A73-0149-481D-9260-814A61E5DE45} = {02EA681E-C7D8-13C7-8484-4AC65E1B71E8}
	EndGlobalSection
	GlobalSection(ExtensibilityGlobals) = postSolution
		SolutionGuid = {633C74D5-2EB7-4B6E-BD32-9D369B0D51F4}
	EndGlobalSection
EndGlobal
